{
  "name": "example",
  "lockfileVersion": 3,
  "requires": true,
  "packages": {
    "": {
      "dependencies": {
        "random_number_lib": "file:../lib"
      }
    },
    "../lib": {
      "name": "random_number_lib",
      "version": "1.0.0",
      "license": "MIT",
      "dependencies": {
        "random_number_lib": "file:.././lab2/src/index.js"
      }
    },
    "node_modules/random_number_lib": {
      "resolved": "../lib",
      "link": true
    }
  }
}
